{
  "version": 1,
  "files": {
    "AGENTS.md": "879e0fa47a4def54659f16512c39f7aea18c80014978775b9c53201d57968ea5",
    "CLAUDE.md": "c386b82f5a521c8a48f23a65c1cc8f1525e6927de0f26eed9b1e1a612ddc91ac",
    "LICENSE": "cfc7749b96f63bd31c3c42b5c471bf756814053e847c10f3eb003417bc523d30",
    "README.md": "1077ca1fe8e363409fc8ae5352a75aee4988123da730f4b8b3da9cfc6107d04a",
    "app-manifest.chassis.json": "3a1563c7706b04552e05624df2bdf864c92bb089737ddc250c843201875f1a72",
    "app-model.json": "2228a4ff3fcbaeb8b65f868ed43143d6bb1886ba526e0bda31483007dd9ec410",
    "backend/admin/api.ts": "18f9c7e9391fb913db64a016f3bb830f83e8c6fb2d8183e80a3d8324fcb54628",
    "backend/admin/encore.service.ts": "9b78527174a3a9a56a1a57aaae02dd0cc0fc6d8d8ec1d85d0f7a43bca6c5b6ed",
    "backend/admin/gate.ts": "9b6d534b1652be85c5d242184ae4b09970248c12529d7409ac3dd7d728705e78",
    "backend/admin/schema-plan.ts": "bf11619846131862d3d8216d960272c30003c89976fc16961fefd60caab3551d",
    "backend/admin/schema.test.ts": "b7e88ac7baf62ec68b73c21af2a92b059eb1aa0d3d80edc314737bee2a6e7806",
    "backend/admin/schema.ts": "93c0bbd0bb4c7fd519b09eb8d217b851eb3b72ff8d189cf4424f4271fef31104",
    "backend/admin/static.ts": "0d9b75f993463de44e868be4d6a5e41b9667c36449fbf0a48e2bd093e6e89a13",
    "backend/admin/stream.ts": "f6ff7fd5549d62da59efbc7b4850a7ee30ff89edeeccc24afda67caf6ec5f850",
    "backend/auth/csrf-token.ts": "72573a3cb3fcb93e3951af40a683a5054566442f64b2f5a421faf9650b107ac2",
    "backend/auth/drivers.ts": "b27976b50eb8398c00a03bd6ccea0fb0ee667c7988d92b7bedc00534debb35ee",
    "backend/auth/encore.service.ts": "313a1e0659b7d9bb259383ca1b25feea682b1df285e1aa8ca9ef7d50c84c0aa7",
    "backend/auth/entities.ts": "8f6401742f2ed9ff23d8c731d26681e8da0396a1188fb71c6da7e0009955243c",
    "backend/auth/handler.ts": "d05b93549d8189cc0fd829a43738ad93020e659619d0f8cf747635a8325246f5",
    "backend/auth/http.ts": "6e4a3b412821baf960d8cec01e8bdf3b595fdc759a847be3f5704ad1cc9611d2",
    "backend/auth/logout.ts": "f77e283288b054c220bf89ade7de9f98145d67ed54aa938f93d781aafebb7216",
    "backend/auth/me.ts": "fa7dd9b1d43a80cf3bb462066df875f6c11c6a950e672565a010cdc8dfab6c0f",
    "backend/auth/mock.ts": "c50c6aca5f399daeff4c88d76dc72df6147a188e6fbfb9bf9d874cd7b79a3666",
    "backend/auth/rauthy-logout.test.ts": "d348839de40c41fcd280eaaee73738b9b7f59c8f06322a9b01504480b6038e48",
    "backend/auth/rauthy.ts": "c5a957bfcd1e97cbe79d6347202ae3856a9cfb9b94869ae4bd5f0f3c6b24cd17",
    "backend/auth/refresh-token-model.test.ts": "a8d3ae9377d2a49aea50caed3d69999a1bb777ed429bbf106b3ad27a27973662",
    "backend/auth/refresh-token-model.ts": "bf4e951aa395c6035700135191613ff7ec7f2fed523edc15d1db308689d06a0b",
    "backend/auth/refresh.ts": "35f140ac034bc558de79d2956437f7dc87b2e58f2df602d36fe417def969c233",
    "backend/auth/service.ts": "d606919623ab87c0f3afef7b350e63d813fe0d82a12ee514b8760bc7d6146c5d",
    "backend/auth/store.ts": "c5afdfbae41f5ea190bc7e8fdf881b618fdec6aca4cc1daeae0db3246d352235",
    "backend/auth/types.ts": "c72d7616547d33f71b38d11c478728140e94c3b13807f47c36361dffe6fe5338",
    "backend/auth/user-model.test.ts": "3560002a9884b5aa141a262c3c41e31f750913562837d051b0ed1eb9e04d7d33",
    "backend/auth/user-model.ts": "c70aeff8348d64d813b3a518e99e2b998146d6e94775c1b60211d173428b1de0",
    "backend/control/admission.ts": "1885c4713cf5c89ac258e0381e88603e4d9f872d75c0bf9cc7c62290a2eb54f3",
    "backend/control/control.test.ts": "886ea285f5b33065851260028791ad6d073c5bfff71e2df9da35c191d36bb89f",
    "backend/control/controller.ts": "333446c1af0fe9308b9613cd8d9dc9a4180f0c91c961d0f312473a8b751d30c8",
    "backend/control/encore.service.ts": "462bc8ec77c4c218240c882f47b9be377991084bdf7fb0597b40d8207b3a0c49",
    "backend/control/index.ts": "5e6ab3031e37f1e7f41c668be9b6b0c31b8a7a69ce44117d18df0be6f4e174a8",
    "backend/control/kinds.ts": "ebf5d1905aa8fdce5314f7da56af23ae5b71343ce372adb1b0c9a588170a14fe",
    "backend/control/rows.ts": "a0ffc157d13a566f91a203f9b6b4c9d47aea95cc37a8e5289b266839e8851cf5",
    "backend/control/schema.ts": "a1ce5ddb1ad7c88961e13eaa02f3eb1decd63fbdb1b7fc05551ab20a55298464",
    "backend/control/watch.ts": "3d61e99323609d573ae9ea513d0eeb4c91541ef0db056ccd7b62bfa45099a11e",
    "backend/core/ledger/decorators.ts": "4335a488c8329111db0e281484ee30711c5c8a59ee05d13859d936e19272e0aa",
    "backend/core/ledger/driver.ts": "657597e1e94332b054d5af35c5a6f016e3ff94726be777f02415a7980c32c30d",
    "backend/core/ledger/from-env.ts": "d0c630c2a61926afd09ffca80e5f45c2d92cadbb72fa5e5d1be3bab57d6bc626",
    "backend/core/ledger/index.ts": "5fa1805a0babd38fd0e1d394feae6c6770708b6a6065e2a8c7ee2896cfc15a19",
    "backend/core/ledger/ledger.test.ts": "3afb2607543825f4231f478ffe24410ef561c50b528e3b1747ef505071c44cf2",
    "backend/core/ledger/ledger.ts": "8f97ddc64b5bcccc8c27850558fb8f9c01ed0673076b266d876934c7f75b6e34",
    "backend/core/ledger/libsql.ts": "cb0ef199206f2bc75c5ec2b1e8a7adfffa4b3d38bc8c0eabbb596b0e58f47506",
    "backend/core/ledger/metadata.ts": "9e5f69afd10fd61fe6f14cd99fe4600b59796b22d1bbe3be6ca9554a0e64c1fb",
    "backend/core/ledger/migrations.ts": "64dba6f5d521e97dfbe8a874cbfa00e8f6aa179a03f6b39e61f8c38b89c62407",
    "backend/core/ledger/postgres.test.ts": "ce4ab2454897cbefa69216c9e11617b73e313c9e3c1b01da0f509813197cb518",
    "backend/core/ledger/postgres.ts": "3a2e239c52ecf57153a73724d1c8ce5ba5858f5f6fbf1bcaa1c3a9cbd978afa6",
    "backend/core/ledger/repository.ts": "91c9eeb94fef526105121768b9a1a568b23508d3baf01863f231c93ca98ff146",
    "backend/core/ledger/schema.ts": "e28a5d78f752a2b4ea8d7f488ed31862ef78f8c3a39f795b278a79bdfdf4556b",
    "backend/health/api.ts": "b21d64ed27c6c3b37756d4260ef507405fc4267c29da3df86965216944028a58",
    "backend/health/encore.service.ts": "90af49251a274310c509667edd59d88617a23aad5aa5c7a46555901b98b41885",
    "backend/hiq/api.ts": "c846060dfeb8e292e4413d88ee6173b7c3950d158016e0efe6d6f90dbb324bbd",
    "backend/hiq/encore.service.ts": "e98fe4e6393a8285daf5d402f0c730c5e524160ce82b5d492626dea26793e65b",
    "backend/hiq/init.ts": "70801a199a7b1605e441e3fc821c425168738025239b6a8699bc6afe0590af96",
    "backend/hiq/lock.test.ts": "9a6b978fc7ca2c1d5a1b84596c0aae2de042f9c90766cb385fe9e5fab14ac154",
    "backend/hiq/lock.ts": "e026f34e5bcb0d678873f51261500d7987c395d52a478261f7c8811e9462cfb8",
    "backend/idp/encore.service.ts": "5b4e891fe7c2d99950c9512bf29c2a45f38c316b3356776715253b1a0377b2cc",
    "backend/idp/proxy.ts": "3ff78487667a15c0c24daedfa7b23ea38603dbb0ceaab5b5ecc383326151fa69",
    "backend/kernel/adjudicate.ts": "7c0a3664c5460bd6c432663909c1446803ddb2988216235967767138ce52cb5a",
    "backend/kernel/boot.ts": "4ba09b2d14463f63233fd00013f96e077c2d429648851d37999ad4a3a6c1ce6f",
    "backend/kernel/decisions.ts": "b289064a0e04e8cfe3b3a7bafe66792cf29df68c2f06a88e78ebb390e02c4367",
    "backend/kernel/egress.ts": "2920c11a1a5b9485d72b82a9445e554d69ce3c4e87594f36a6643d43598702ef",
    "backend/kernel/governed-driver.ts": "4261192b720e2f56b492e014fd039bc1a62db9234746a24531338f7576fa695f",
    "backend/kernel/hiq.ts": "258f7679a7108a07ec274f5b3be52fadf645b94f9a4539ce97333571e3cc6ea6",
    "backend/kernel/kernel.test.ts": "043510a4176b2b88877722f75742f276f930baef3d0f39def361cc76d311828e",
    "backend/kernel/ledger-integrity.test.ts": "a153d6dc4ee766ceb1fc2799fa4e4a38e4c08b1164c6dce613d12f925f824236",
    "backend/kernel/observe.ts": "4c9a273da841bc5519185823d00831fabf5d447a5e915e293165adca94afdcc8",
    "backend/lib/audit.ts": "026e89f5343a70cd2d3182514e4c458121342833cc7f5b59df615f21f652b4b0",
    "backend/lib/client-identity.test.ts": "880a2e0e3bae0623423824f869318e82524db5830f75b5e042185316e4c85c73",
    "backend/lib/client-identity.ts": "21ec2974437df62e6e57209504e635cc702251ac3d909e204d031397741cb83e",
    "backend/lib/cookie-config.ts": "dae575f387cfe70f8726f72bb0ca027718dd2a02b2dfe326136879b126bfb5d0",
    "backend/lib/cookies.ts": "d0e5a9867a40411b6bc84c2a223fa53680dfa880b78553a50969b765c4a6881d",
    "backend/lib/csrf.test.ts": "e801b8afa041d841459bfbf42eb8eeb3493698c9ba177d73f49f5b8c2fe1ac93",
    "backend/lib/csrf.ts": "73c15abee5e9789b3034538747b7e0d00bf7588f4ec9b4e6fc3cc7a9c5e75854",
    "backend/lib/encore.service.ts": "2c9e255902ec1dffec3ddf7c5f33ed0efdd4bebabdb6a2fba73c9443aad3bd34",
    "backend/lib/env.ts": "cfa0e45686e21c8f4b704dbd4eaac86e814149a1574413e9625d0d0cc589068f",
    "backend/lib/jwt-verify.ts": "08567747442e8b73b157c1d0c88279f5fdf4907d7b1ddda059ae0bb3ac1e2787",
    "backend/lib/jwt.ts": "a163ff0f119c6f6791d334e616a0cc5a1dfd3dc45ed919a863bb85a00240308e",
    "backend/lib/logger.ts": "a19bceeabe9a153326f0cfec2956683a72ec2b1c1401741d4cb501c4d9690651",
    "backend/lib/rate-limit-window.test.ts": "75fe7c7178c76dc8346abd45d55e9ada2936c78e372c23e1c80f5ccbc51aa7d0",
    "backend/lib/rate-limit-window.ts": "685c76301218f3f736477fa334893b3a718066508c267eda334280625e78e414",
    "backend/lib/rate-limit.ts": "b4f7cb5560f165f343a73ffd12a55a7e54d4d704bf9e2e6d8875444a6ca32f02",
    "backend/lib/roles.test.ts": "8c05e04e2d47d7a8958c775975195480d0693bbd31e0bfd328e48d22aabb4cfb",
    "backend/lib/roles.ts": "4dbe26b63ea2f595f7b8c96cf8b2c539e44f24026095e9cbeb7fb44532a4dd83",
    "backend/lib/secrets.ts": "4857eacf13f8e8b6c0a7c334fab35f941d82d693caf046b554bcb0e50c526fee",
    "backend/lib/security-headers.ts": "4a79b7483419db0cbdd9873a41a08827e29ca17b31c754dfcaa826486c87b2aa",
    "backend/members/api.ts": "95ad2cd1b714883ec46455ac119d1317a649aab960d58873058e714aadf5b61b",
    "backend/members/boot.ts": "20f37588569c3f3f20f96df108a7facddc003790ee9010f670f65c83b080cb22",
    "backend/members/controller.ts": "31cfaced3821149fcc35f40ead7c7d1dc904674c154cdc32213f590b69e97c83",
    "backend/members/dates.ts": "ef1ebc73b1a4ae3a14afcbe54ddb5910e0043b5c9db2962aad2a8ee439bc1251",
    "backend/members/encore.service.ts": "b81d6852343b20f50c5093cdd8b38a6568820eede89cdced0b76f68f17d87962",
    "backend/members/identity.ts": "4449cbcd80b5ec3574901f01853c782e200d31fbe324ac1d09e7954d045050d5",
    "backend/members/kinds.ts": "fffd7b8e3814b1ae1226f17cc4b649b897358932d430d631bcb347e3112d2a69",
    "backend/members/members.test.ts": "f7cf2be96c928978861687f9f1549619b0606ab2edd6bedd0bacc395f9b6c96e",
    "backend/members/renewal.test.ts": "76ea3d1220fd33a6d02264c585726a4936dac598d30b57ff1941613910faff26",
    "backend/members/renewal.ts": "5177b67bf6bc9c02c0c1a524dd1f7029b4cab33193e1b8184df7732c7cc61ed4",
    "backend/members/store.ts": "f924f38ec178b4250c4346984a8f9e6376d92b1dbf0b80220688587a34686dd6",
    "backend/members/tenant.ts": "e203c25c17861336c5559943cc81953a2f9c9ade9198d41907eaaf75c280b12f",
    "backend/obs/api.ts": "aca38be431bbad06afd64201d4503f43e1c01802d905fb425d5758a984ee2b26",
    "backend/obs/buffer.ts": "fbd1d8a45d09b071316ad3bb6fe65c147eeab0b93ec0d5a5688598650b0e378d",
    "backend/obs/config.ts": "6e36180a663cc4b426eaa0dd3e5dc3266b0d27ba3270f5f878329c3b1521f552",
    "backend/obs/encore.service.ts": "0c78a3743c749e821f01dc0735a092bbb7540aedd8c3dbbb40900417f3f12e8c",
    "backend/obs/instrument.ts": "8c0da6006a05263ea6b7c50c12d8523d31f9fd5ce3ca6a8d9d31b6f18c634fec",
    "backend/obs/metrics-auth.test.ts": "ba1d9f5694112a3a175dbd5003f0ff9c8462446b838fa7e40eda56b3842096a6",
    "backend/obs/metrics-auth.ts": "d10a6addc308a9bb9d4a5631e70dd78b732f4f546c8d46dc53013f7895255675",
    "backend/obs/metrics.ts": "b6a41444cfce8892a53ac78b25cc38c0692a80f8fcd09a4e49ddd5d9c9580565",
    "backend/obs/middleware.ts": "6c9ae5034bff15e67e9464e57b3821d04a04542ff124c73a157ea1caa1160f21",
    "backend/obs/obs.test.ts": "2ad5f474057be0dfda8c1e9032378898e3ae920cf9478000b2fae6650cf0a10f",
    "backend/obs/tracer.ts": "c6ec1ebd35bcaa2795698568bc69e82ad86251adf84cf8b8294e05f766b5d9b2",
    "backend/obs/traces.ts": "5649412934c29ee4e45efd14ee3f13237f8446924178d8fbc0caf70e6f040ce2",
    "backend/state/backup.ts": "ade667dd96b22dfab1d922c5b9d3d88568058737fa9e2359991ac7ad5cb122f7",
    "backend/state/encore.service.ts": "99af49308b734ccfaef9e2ff0fc78a79948186209589032b73086df2e11c8f70",
    "backend/state/index.ts": "1719367ce392169acad368399f6ec1815af506489b216537142bff4d1b5afcae",
    "backend/state/lease.ts": "eed592ef2423843dc24a25d98ce98e028d794d332492b6599c6354f1d9f79a17",
    "backend/state/migrate.ts": "6b917a5cca2cea02651379aff20ec4a2b7705e0ad672d586a9007407a2f63e67",
    "backend/state/placeholders.ts": "6ecd9759b5a014aee0b4db6b498574763e8c57ce8dd2f31437ac38b3f624f0f4",
    "backend/state/sql.ts": "47e6e5e12365496f60fdb99c38ddd7d07dbc14ac18f1295038e14f3b8ada123d",
    "backend/state/state.test.ts": "08cbb54129142f4d6f68ac145177e8b97f029fc0761eb80067d31cc1332f52f1",
    "backend/state/types.ts": "80b994b0db1017d5ef6233dd1ea4e581156dc3341e7dbc8e2f50249a5eeeb5e1",
    "backend/state/watch.ts": "eae5310f18e469625d9e60b80cfd7e72632a8e5c730ce1d99d2fd185f06dbf43",
    "backend/web/dist-admin/index.html": "dd84890f0649654d57c276a996f3d51bdd6e9115d692a1479b3ac87c05815606",
    "backend/web/dist/index.html": "31fe92d8ea22d31b7bb56c84774dd8434c0db742a2d3f16b42e72834bb61bee2",
    "backend/web/encore.service.ts": "3a623b1b18645cc2c77ee06e52493f8e741bbf8079d0deb20924783b72d784c2",
    "backend/web/static.ts": "664a19de7d0dbcfb7e37efae162f24df5fec28d1581651bb304cbae5468c56ca",
    "contracts/app-model.schema.json": "bee1ec0bbe257836b46387bb1c82bbc4112897afebae68ced1ef87dd076e355e",
    "contracts/examples/statecraft.app-model.example.json": "6257a9c04f643da0d0257f3dba7b3c7d8e371a7d5ad749cf116746899117a082",
    "docker/Dockerfile": "06ff4ee27454ba1b2934b1a36c60fb38c04832de5c7e8044b1270f7fa45d4551",
    "docker/Dockerfile.base": "c738e5c6efff7eff74521e0a0a9002851b2db1a8400b8e2c9ac7753dc2677df3",
    "docker/Dockerfile.dev": "cde4a8e0ff0943e337579a9452f6c44bacfa475f4c64b4be7de534e415327ac0",
    "docker/compose.dev.yml": "e98811789cd559f17d11602abf209ce55795c0cd863ca73eae75875fa52282f2",
    "docker/compose.yml": "2874a506e9da0daaa671bfa71a117d8bc6e3c62e198beed475d9994c2cb3398f",
    "docker/entrypoint.sh": "1e3636d4c98b2fdc46c5f66a868ae30d53d775d653c8f07ff709219278dc4644",
    "docker/entrypoint.test.ts": "d58bf77cc63b74f12db87a129e703cb1d561d4b1c64b2dd02bfac299874aac36",
    "docker/first-boot.mjs": "872bdbaa20e7f545fc3a703635ec1c2fbd2ac2321921e2b7a433388e837f33f3",
    "docker/first-boot.test.ts": "fb7b6d2749ba0b4cf8c63a31f9f7e20889bcb4303e7f498b12f0e02b2c75ab13",
    "docker/rauthy/README.md": "4ce1a08ab1dc5f75d931a023d8114b6000b3e5e146cebd648b076ea6a390b9a0",
    "docker/rauthy/bootstrap/clients.json": "5b512ef3c411d6df6b1b097f5177494b24da3aae3a0df19ed341824cbef99de0",
    "docker/rauthy/config.prod.toml": "50e8cd1af7516e2aca17c11a23bfb52465412dcad8479e1c774f7cd75d09e082",
    "docker/rauthy/config.toml": "d968c9b0e0b12d73bdd5d5d256e1e078261d084074dafa8cb1054a455dfa185b",
    "docker/smtp.env.example": "2852bb68abd8ac763134d4c442f7cf3f622225a0828f638f8ebc23feefc66be9",
    "e2e/global-setup.ts": "44641b72af28c862596cce6899fd1114e64a07b39fbcac2f3573672294bf422f",
    "e2e/global-teardown.ts": "b052eaaf1a99c739c75bbf33117c73d7241b4b62cc35faac34374eab42b99362",
    "e2e/login.rauthy.spec.ts": "0374ffbd5a5d6cf5d36b9943c422932b7455598fb96a32f077a7181b8116dc9b",
    "e2e/playwright.config.ts": "6b01f05b3ca6df70eec394ba09e334681f24e79c3642c1b75540aba763ca1ce0",
    "encore.app": "add0d28b0211f13b32124ec9c9675271c0803866fddf5b413cacbd52d1f51072",
    "frontend-admin/index.html": "31e9581a5fbfd4cc9f56f9fdd4387d81d6f88c6bf792e35a1e46663537cd53c3",
    "frontend-admin/package-lock.json": "496dc290654c90820fd16a36fd1b3660a237c5e1d01863ea8ee01204f14f0514",
    "frontend-admin/package.json": "ac733330cea224328c0040a207aebf2c30f95dc023b52749610ef8141aad3211",
    "frontend-admin/src/components/ApiCaller.tsx": "643aec6fd9e99350983ea7f20e8fee52db40b66cd501f9db94fd43fc4094571d",
    "frontend-admin/src/components/Badge.tsx": "4e6575d6093a281a9b6a411f85d845fce04febc3197fc56318227263da4ae3d6",
    "frontend-admin/src/components/Waterfall.tsx": "e2d0338f4942bb92254bae03297851ebbbce0b69c03a2f2bbbd0bfa3b0da7286",
    "frontend-admin/src/index.css": "fbea676a2640ef39b1a59d26706a3f365f7f7544175264f0cd4d9a9d88d309c1",
    "frontend-admin/src/lib/api.ts": "3e9c5f6823d71c72d964896f17a1b96fe9af74317fb6ebc0474c9c39d6d6fd7d",
    "frontend-admin/src/lib/format.ts": "a22a476518ff80065fd6462fde4082edfe246541debbf58fa676c5a62bf46a0a",
    "frontend-admin/src/main.tsx": "94f4c784c523de66c8dddad349007d5defacfd0c0e1ca368df2d2cb2b96b23e5",
    "frontend-admin/src/router.tsx": "0325573e8f70f80fdf9c848536910037377416882dca169cae40787b9bec0c24",
    "frontend-admin/src/routes/Catalog.tsx": "a7f7d5576222a16e2993f985099f41ec07a35b774eb5f134cd69daa7bcd6363f",
    "frontend-admin/src/routes/Overview.tsx": "678bfa96471901d326dbe4b2b2d4d127006db40aa97c166b64a045a805f295ab",
    "frontend-admin/src/routes/Root.tsx": "b3b1a141d5c513db4c060ef295dc917998f9dbe7eff1555b1ce4a6346d32e075",
    "frontend-admin/src/routes/Traces.tsx": "0645e86c8fbe90dcb19a4bf3a3af01c100b838261aae740bf73b9b2850d67a71",
    "frontend-admin/tsconfig.json": "ad35815426fe58e3c3497656fbbdc51c5e805bc2f6089389f56fec5e35526aec",
    "frontend-admin/vite.config.ts": "513b4b4833bbc00d19d04b28821c237a4799036978a22a492d0a926cfbc8c894",
    "frontend/index.html": "3a19f5686e28a285d60ac37a141232935b9b88a4d5ccf4364aa784bdb057fd8b",
    "frontend/package-lock.json": "ba95f0f3affc7d1ab70a3fd7cc8312e126a2780010e327e27fdeef60b24a86ba",
    "frontend/package.json": "bb1f6f40652cad136d4c72071a53eb7fe4b237fc355040ae94ccbe3972e8d8e2",
    "frontend/src/components.tsx": "70be553d637e7d2428a39f740186c733f77e3d198a10e79b0225f62a9dc2d705",
    "frontend/src/index.css": "e4a008d8b4797aed06542b90baacdce0fdbd4f8c8a05aae2ca2bc7724223cf85",
    "frontend/src/lib/api.ts": "6eba64e91a5366acf16fd4a32bbec984647bb00366f508dea14401af3f7f3066",
    "frontend/src/lib/members.ts": "07ac93c449116d19195ecaa1cab4cf18495aeae33e27db90eeffd79f2318c78a",
    "frontend/src/main.tsx": "94f4c784c523de66c8dddad349007d5defacfd0c0e1ca368df2d2cb2b96b23e5",
    "frontend/src/router.tsx": "2c6f680727362b820a6cb6c94dfea76b02a0c8695260d50fcae67f3ae04c7dd1",
    "frontend/src/routes/Dues.tsx": "c51f94e4d4497675eee78037fca7fa9b2cedca3f9e22c4502d519a55bacf7e37",
    "frontend/src/routes/Landing.tsx": "8973a3e86c00ab2fd02c66dc2a7538ec32bfc1b81735a083a0dd7ac492d656d0",
    "frontend/src/routes/Login.tsx": "b453c5486a627f636d71bcee9884f75d336a8ef220a0f263686febc68848e958",
    "frontend/src/routes/MemberDetail.tsx": "de910e7fa939ecd8fe480b65b788c6638181b8b49c2c80235010603e973c7722",
    "frontend/src/routes/Members.tsx": "5d1a9135f2a18d1d271c77eacd9302223da3a5ad0f9deaae832dfe28c4867aa2",
    "frontend/src/routes/MyMembership.tsx": "29c4618b2431dc19d5206955594fd45b20735e7e2051692598fc5046a7ec99dc",
    "frontend/src/routes/Profile.tsx": "15a85972f36f292ea7ac0953a097de1b1e6dfc6306908568020b7e80221634bf",
    "frontend/src/routes/Root.tsx": "eddd8971afac2b1d7c46ba7c8e6f2f5b67b4a6808495a2e00664cbfbd06645f0",
    "frontend/tsconfig.json": "8d57a98243457a7c8f935df969da4cd0f4e49b95b4abd128002180ad097104f9",
    "frontend/vite.config.ts": "9a69a3e90f677af7d4b8278d8960c0002848be352c9f901c89c649cf70395648",
    "package-lock.json": "d5d32ec5d399741b1bb1acfb0058f746fa4e8ff22bc8e30404678e4dc22b2a8d",
    "package.json": "a73435eaee12f507ed5682c4848c58fc2db893ae859bb8204019f1b0351bd034",
    "scripts/chassis-boundary.test.ts": "220b6b100ee508f098d06afb1f89fa08fa50e581458e1f3bea9ecab10a29e46b",
    "scripts/chassis-lock.d.mts": "12480e8a55a9fde010e723745ec024a747bc1b73878cea07a7bf079b24b158ad",
    "scripts/chassis-lock.mjs": "a18e6aca1508e2ee450889b5ddc1c28c576a56850ef6294b62ff812d4eef88ab",
    "scripts/check-licenses.mjs": "ca928a2bed676d4454811e13fefadfd48357d43e9d71853241182fcc5f1ed9cc",
    "scripts/check-licenses.test.ts": "f3f9ee3092c20704d1f2c3b75d73f6da3ba0a3e573ea93d7b90847fca66aa4b9",
    "scripts/dev-watch.mjs": "05c166c6657b9ca97595a907d038aeedc608f26862202a16eb60997b871816a3",
    "scripts/docker-build.sh": "10a418ae8024bfc047822f74a2ef5fc61fa3004e9e86fceb24efe4c967603da4",
    "scripts/fixtures/born-with.example.json": "7ba166711e72656b5af3b7ac544af1bd34b4f682f0dfd782f9ae8c76f569ba6b",
    "scripts/gen-infra-config.d.mts": "1acec2ed2821f381150f311b355e758899aa9042771c4ce7927b9305410e5183",
    "scripts/gen-infra-config.mjs": "bbbf766d862975465f52508ef0b802669117f5da25ffa7409226c81706e8032d",
    "scripts/gen-infra-config.test.ts": "4a9991c1a52339ced9bd2546d65324342e2758355a78f2df2c28ca287df97fa3",
    "scripts/gen-manifest.d.mts": "5b0d3d5d721b189a897364792f3c4ddb51191d11cd859e9c609a035fa73c793f",
    "scripts/gen-manifest.mjs": "8e6844bb1e2f9cd2165ca323bfe5c530647b0eac87637e0df8ebf49491fa57f2",
    "scripts/generate-keys.ts": "320f5eb1f45852448b37213caa1e592039f5f1263e794ba3f77371fd158059e0",
    "scripts/stamp.mjs": "0f4a7f17345be5b2eecdad7a4ae02c3ca02db1b00657388a0e2addbb1a1caf30",
    "scripts/stamp.test.ts": "bd892f27f7ad67e1a0b2817541fb20c511bd968c50caf7c7b881f1997e3f381c",
    "scripts/sync-dev-rauthy-secret.mjs": "1f7e2c526c9c25a60abe592e84c68e755c503eaf2382d3a5d159fc8184e5b663",
    "scripts/verify-born-with.mjs": "e11550135fc45b2dbbd31b1b591df8e03123f649bbc457f2ea515fcf61089f19",
    "scripts/verify-born-with.test.ts": "9ba3c9ee7b41e393cf88e5c7d08706dc96416f24d24df87d8c796fc71b2f4d10",
    "spec-spine.toml": "091e93bc1060b557214bcaa539661cc252a4524da36e0e51432f11d8587c7883",
    "specs/000-bootstrap/spec.md": "30d33b4b7b78907095f726d9b88d80f9880ae0ff993c240048c3c5b937cf74d6",
    "specs/001-enrahitu-architecture/spec.md": "f2cba959689dabd09d65181c21498a6e9c372cb2a4154d8d340938b4d3c2a8a5",
    "specs/002-in-process-hiqlite/spec.md": "7f7b37d5d4bd2b780bb3fbed16232c1371cadeaf0e2c7ff57f3521050c39e2be",
    "specs/003-coreledger/spec.md": "667d809e7f2469d9fc0870397e5325f76fefb9aa5187ae246e2ef83dfa663337",
    "specs/004-auth-core/spec.md": "e538015a98354712e6707e45ac1db870234207830f1071a92a4565a77f8c9895",
    "specs/005-rauthy-same-origin/spec.md": "1fafcd33a7b54aada0b3e5efced6776d360ae225a23fe068b3494938f3951051",
    "specs/006-webapp-spa/spec.md": "a64c98d36cc626b396940b13a84a7fdca6e8009602d673f3ae3ba9b18eadec2f",
    "specs/007-single-container-packaging/spec.md": "a4c9d09b6271f7bc21fed18b637e5f81178a8a4ab8d0bf2eb541678c1b03610d",
    "specs/008-vendored-encore-toolchain/spec.md": "e6c99afa8b8a2715b6563cdb52599a87b70ac88c57e9f02d80bb58cdb4126c3c",
    "specs/009-template-contract/spec.md": "ee5583cec789f53a58fe73d7f9cffaa0b3720c3f1c9f30a9e7da57c323d2d778",
    "specs/010-template-encore-absorption/spec.md": "121caba2f13af27fda1c1a33bb9d0f7aa78afe76453b69bd686bbf778009ba0b",
    "specs/011-coreledger-postgres-driver/spec.md": "7f35ac240e480d17fc129f5d50677a5dda19263229d4a789cca400252d535174",
    "specs/012-born-with-provenance/spec.md": "71ffb032bf0c0962a803135ff59116128c6014c0dbb19f1e7ed15501069597c4",
    "specs/013-pages-deploy-slot/spec.md": "fdfac2e45b9796246dd066b1607f1364d183cec932c9ca4b0217eb7a67651354",
    "specs/014-scaffold-verb/spec.md": "b452f8ca32b771bfd36c0b2c3716eb12b8b73cd8ba51650c88da5f3b7b4dd083",
    "specs/015-react-rr7-flavor/spec.md": "d8162667f9bcc7dddb06e52d860e9d797335aa8c43fa8f909dd036ee1198206a",
    "specs/016-amd64-image/spec.md": "ef130d39a06db774fa55c033955e820a956e8a1bd951c99d4173928173fe5533",
    "specs/017-idp-login-e2e/spec.md": "260278131f1136231d4b2248c1e51288323d515f6f11dcf397c227f7292cb9b2",
    "specs/018-packaged-chassis/spec.md": "085cea49a5368b9b49b3820c1e2e9f09c05dfd672698b438b58cb0edfbfe5344",
    "specs/019-two-directory-layout/spec.md": "fb9862d9f3bdb859ba5e74e0fc67cc9932464701340e030e8e774ca436d35446",
    "specs/020-app-model-contract/spec.md": "a5b0b086591a1f8167afd6637368d1bca8e985a1294ade4db18c3c36670b9331",
    "specs/021-kernel-native-consumption/spec.md": "a58cab4014d0dffcc19ea4b324c9284b2dbda4e134b3e5cf1a15adf837e8d9d0",
    "specs/022-observability-contract/spec.md": "28d8c5aac0e81c05e8bec2b9dfa15f09cdec95232277a85fe472a4e5896c9d84",
    "specs/023-frontend-admin/spec.md": "cf381c97c706a7426b554be20c7fd84ecf28bda0ff1a44e3457ba97009f2d9d4",
    "specs/024-decision-chain-integrity/spec.md": "ea4782bc8791a317b5a553340c6d9ca722fb7575c82afde2ba8e175979474869",
    "specs/025-substrate-hardening/spec.md": "a413793cd40ee870839c1260e2115adad4d6d7ead81dcd8576ffe37d1d31f0fc",
    "specs/026-idp-mail-delivery/spec.md": "4d2a382ed1401771d232329b4f1dc740c2ef26af913587719fc3cd0d65d16003",
    "specs/027-operational-verbs/spec.md": "c7a9baf20fd3f451835381fd70a27986c772172821174a8f68057e0478b524f6",
    "specs/028-operator-documentation/spec.md": "5ea56b9e7f9d2ca6db7d8cacc2759ad0196d21dcb8272fd5118100af67784aae",
    "specs/029-supply-chain-provenance/spec.md": "1f27d1f1581a353f34b6616bcf0a3c8d8a4c4868ef7cbd9c7cbf64863941771f",
    "specs/030-infra-topology/spec.md": "3efa5790ad1738e8e4386e676166b307c2b6e82bf570d722b3e8e210c82203f2",
    "specs/031-admin-evidence-export/spec.md": "6c60adafeb5a1217db795b5828bbcc2715aba9b12862766ff5144ce9d1904cc4",
    "specs/032-hiqlite-interface-contract/spec.md": "8d4d8ba94669d0a8fae6acb26bc72a8f85241dcdd9843514db69e0b50d8fb4ae",
    "specs/033-dev-substrate/spec.md": "935268118d57c5f707cd07bb3417edd8fb1b9f9fbae01ae35d14229c0630749e",
    "specs/034-control-plane/spec.md": "7c95af0a20d52da00f92c7a99aa23c4a04bc6e07417153b17579c5a788796915",
    "specs/035-chassis-boundary/spec.md": "dfa5cd3a28104ad752ea97d0b274ebd8129f6feff98518f248e4f078a24dfa53",
    "specs/036-membership-core/spec.md": "24eb3a796e9542bfd18cbeebdefb64f3563fc425778df89c4612c27982eaa6dc",
    "specs/037-app-mail/spec.md": "306b69516a12485fc05c54ff9539ba77c0067356e663bb149990f37bfdf4093d",
    "standards/spec/constitution.md": "397cffd4acc1d6bf534180db9dd420d33c8329e91853f95d59c77357e25041aa",
    "standards/spec/contract.md": "f3261c318eafc079019aa1ac521515343ca9164954e396eff7e992e3997a3a97",
    "standards/spec/templates/constitution-template.md": "5a1b426a51edc300f01f96ea08e621021e1773ee499f246942c52b064a7bb465",
    "standards/spec/templates/spec-template.md": "0fa0a3f485fd160848317312a4f4361fca2241c7a67cee1a7eb42b5d68b3d2d3",
    "template.toml": "1c6c9ba862d0500a82d3b0e31e71f24cee888155a6e7a6b3a66d7199a073c032",
    "testing/app-harness.ts": "77166fbc05726bfe712589b6b30741cd7000cbd0ec45224b64786a825e767ffa",
    "testing/endpoints.test.ts": "0b28716f84cc949051365caf29d9109a4e5eac4617790d47a9708ef6ae4d1508",
    "tsconfig.json": "7f9dcc0387e370fc36f30b821a23a64206f64bb84b4ee3f272fc529a555926de",
    "vitest.config.ts": "86824eddeade2c4636372bc857aadd8e2f2b44d02420f103add027df2ec3b53a",
    "vitest.setup.ts": "ebba3494db5c48c5d6845ddf2f352d8bdfecdaa55142d70e511e0e6e8bf8c4fa"
  }
}
